
Microsoft Visual Studio Solution File, Format Version 12.00
# Visual Studio Version 16
VisualStudioVersion = 16.0.32106.194
MinimumVisualStudioVersion = 10.0.40219.1
Project("{9A19103F-16F7-4668-BE54-9A1E7A4F7556}") = "LeaveManagement.Web", "LeaveManagement.Web\LeaveManagement.Web.csproj", "{04CF5EDD-01CD-4F9D-B637-599B5ACD5D75}"
EndProject
Global
	GlobalSection(SolutionConfigurationPlatforms) = preSolution
		Debug|Any CPU = Debug|Any CPU
		Release|Any CPU = Release|Any CPU
	EndGlobalSection
	GlobalSection(ProjectConfigurationPlatforms) = postSolution
		{04CF5EDD-01CD-4F9D-B637-599B5ACD5D75}.Debug|Any CPU.ActiveCfg = Debug|Any CPU
		{04CF5EDD-01CD-4F9D-B637-599B5ACD5D75}.Debug|Any CPU.Build.0 = Debug|Any CPU
		{04CF5EDD-01CD-4F9D-B637-599B5ACD5D75}.Release|Any CPU.ActiveCfg = Release|Any CPU
		{04CF5EDD-01CD-4F9D-B637-599B5ACD5D75}.Release|Any CPU.Build.0 = Release|Any CPU
	EndGlobalSection
	GlobalSection(SolutionProperties) = preSolution
		HideSolutionNode = FALSE
	EndGlobalSection
	GlobalSection(ExtensibilityGlobals) = postSolution
		SolutionGuid = {FB9D62EA-E467-405D-961D-0B4FC6A4179C}
	EndGlobalSection
EndGlobal
